
Microsoft Visual Studio Solution File, Format Version 11.00
# Visual Studio 2010
Project("{FAE04EC0-301F-11D3-BF4B-00C04F79EFBC}") = "Assembly-CSharp", "Assembly-CSharp.csproj", "{79E91F19-6204-B155-85E5-B57879600956}"
EndProject
Project("{FAE04EC0-301F-11D3-BF4B-00C04F79EFBC}") = "Assembly-CSharp-Editor", "Assembly-CSharp-Editor.csproj", "{CFFD00C7-550E-D746-37B9-BA962BA5DFDF}"
EndProject
Global
	GlobalSection(SolutionConfigurationPlatforms) = preSolution
		Debug|Any CPU = Debug|Any CPU
		Release|Any CPU = Release|Any CPU
	EndGlobalSection
	GlobalSection(ProjectConfigurationPlatforms) = postSolution
		{79E91F19-6204-B155-85E5-B57879600956}.Debug|Any CPU.ActiveCfg = Debug|Any CPU
		{79E91F19-6204-B155-85E5-B57879600956}.Debug|Any CPU.Build.0 = Debug|Any CPU
		{79E91F19-6204-B155-85E5-B57879600956}.Release|Any CPU.ActiveCfg = Release|Any CPU
		{79E91F19-6204-B155-85E5-B57879600956}.Release|Any CPU.Build.0 = Release|Any CPU
		{CFFD00C7-550E-D746-37B9-BA962BA5DFDF}.Debug|Any CPU.ActiveCfg = Debug|Any CPU
		{CFFD00C7-550E-D746-37B9-BA962BA5DFDF}.Debug|Any CPU.Build.0 = Debug|Any CPU
		{CFFD00C7-550E-D746-37B9-BA962BA5DFDF}.Release|Any CPU.ActiveCfg = Release|Any CPU
		{CFFD00C7-550E-D746-37B9-BA962BA5DFDF}.Release|Any CPU.Build.0 = Release|Any CPU
	EndGlobalSection
	GlobalSection(SolutionProperties) = preSolution
		HideSolutionNode = FALSE
	EndGlobalSection
	GlobalSection(MonoDevelopProperties) = preSolution
		StartupItem = Assembly-CSharp.csproj
	EndGlobalSection
EndGlobal
